
Microsoft Visual Studio Solution File, Format Version 12.00
# Visual Studio Version 17
Project("{8BC9CEB8-8B4A-11D0-8D11-00A0C91BC942}") = "PlatformGame-main", "build\build_files\PlatformGame-main.vcxproj", "{361B1AB7-A231-184D-EBA8-A36E57FEE8D4}"
	ProjectSection(ProjectDependencies) = postProject
		{E4442B0F-5059-53C0-19DB-F61F85AE4FF1} = {E4442B0F-5059-53C0-19DB-F61F85AE4FF1}
		{0B40A9C9-771F-2865-8037-B33BEC958EC6} = {0B40A9C9-771F-2865-8037-B33BEC958EC6}
	EndProjectSection
EndProject
Project("{8BC9CEB8-8B4A-11D0-8D11-00A0C91BC942}") = "box2d", "build\build_files\box2d.vcxproj", "{E4442B0F-5059-53C0-19DB-F61F85AE4FF1}"
EndProject
Project("{8BC9CEB8-8B4A-11D0-8D11-00A0C91BC942}") = "pugixml", "build\build_files\pugixml.vcxproj", "{0B40A9C9-771F-2865-8037-B33BEC958EC6}"
EndProject
Global
	GlobalSection(SolutionConfigurationPlatforms) = preSolution
		Debug|x64 = Debug|x64
		Release|x64 = Release|x64
	EndGlobalSection
	GlobalSection(SolutionConfigurationPlatforms) = preSolution
		Debug|Win32 = Debug|Win32
		Release|Win32 = Release|Win32
	EndGlobalSection
	GlobalSection(ProjectConfigurationPlatforms) = postSolution
		{361B1AB7-A231-184D-EBA8-A36E57FEE8D4}.Debug|Win32.ActiveCfg = Debug|Win32
		{361B1AB7-A231-184D-EBA8-A36E57FEE8D4}.Debug|Win32.Build.0 = Debug|Win32
		{361B1AB7-A231-184D-EBA8-A36E57FEE8D4}.Debug|x64.ActiveCfg = Debug|x64
		{361B1AB7-A231-184D-EBA8-A36E57FEE8D4}.Debug|x64.Build.0 = Debug|x64
		{361B1AB7-A231-184D-EBA8-A36E57FEE8D4}.Release|Win32.ActiveCfg = Release|Win32
		{361B1AB7-A231-184D-EBA8-A36E57FEE8D4}.Release|Win32.Build.0 = Release|Win32
		{361B1AB7-A231-184D-EBA8-A36E57FEE8D4}.Release|x64.ActiveCfg = Release|x64
		{361B1AB7-A231-184D-EBA8-A36E57FEE8D4}.Release|x64.Build.0 = Release|x64
		{E4442B0F-5059-53C0-19DB-F61F85AE4FF1}.Debug|Win32.ActiveCfg = Debug|Win32
		{E4442B0F-5059-53C0-19DB-F61F85AE4FF1}.Debug|Win32.Build.0 = Debug|Win32
		{E4442B0F-5059-53C0-19DB-F61F85AE4FF1}.Debug|x64.ActiveCfg = Debug|x64
		{E4442B0F-5059-53C0-19DB-F61F85AE4FF1}.Debug|x64.Build.0 = Debug|x64
		{E4442B0F-5059-53C0-19DB-F61F85AE4FF1}.Release|Win32.ActiveCfg = Release|Win32
		{E4442B0F-5059-53C0-19DB-F61F85AE4FF1}.Release|Win32.Build.0 = Release|Win32
		{E4442B0F-5059-53C0-19DB-F61F85AE4FF1}.Release|x64.ActiveCfg = Release|x64
		{E4442B0F-5059-53C0-19DB-F61F85AE4FF1}.Release|x64.Build.0 = Release|x64
		{0B40A9C9-771F-2865-8037-B33BEC958EC6}.Debug|Win32.ActiveCfg = Debug|Win32
		{0B40A9C9-771F-2865-8037-B33BEC958EC6}.Debug|Win32.Build.0 = Debug|Win32
		{0B40A9C9-771F-2865-8037-B33BEC958EC6}.Debug|x64.ActiveCfg = Debug|x64
		{0B40A9C9-771F-2865-8037-B33BEC958EC6}.Debug|x64.Build.0 = Debug|x64
		{0B40A9C9-771F-2865-8037-B33BEC958EC6}.Release|Win32.ActiveCfg = Release|Win32
		{0B40A9C9-771F-2865-8037-B33BEC958EC6}.Release|Win32.Build.0 = Release|Win32
		{0B40A9C9-771F-2865-8037-B33BEC958EC6}.Release|x64.ActiveCfg = Release|x64
		{0B40A9C9-771F-2865-8037-B33BEC958EC6}.Release|x64.Build.0 = Release|x64
	EndGlobalSection
	GlobalSection(SolutionProperties) = preSolution
		HideSolutionNode = FALSE
	EndGlobalSection
EndGlobal
